
Microsoft Visual Studio Solution File, Format Version 12.00
# Visual Studio 14
VisualStudioVersion = 14.0.25420.1
MinimumVisualStudioVersion = 10.0.40219.1
Project("{FAE04EC0-301F-11D3-BF4B-00C04F79EFBC}") = "00.Demo", "00.Demo\00.Demo.csproj", "{A01F3DFE-FFA9-47AF-90E5-FF8E6AD66D6F}"
EndProject
Project("{FAE04EC0-301F-11D3-BF4B-00C04F79EFBC}") = "01.Person", "01.Person\01.Person.csproj", "{36BC10C3-5769-4B04-A009-9486D9DC59CF}"
EndProject
Project("{FAE04EC0-301F-11D3-BF4B-00C04F79EFBC}") = "02.BookShop", "02.Book\02.BookShop.csproj", "{94E22160-DD45-4961-B977-7FB4BC247F2C}"
EndProject
Project("{FAE04EC0-301F-11D3-BF4B-00C04F79EFBC}") = "03.Mankind", "03.Mankind\03.Mankind.csproj", "{B6FFCEF8-C200-461E-9F96-A108C1C8DD85}"
EndProject
Project("{FAE04EC0-301F-11D3-BF4B-00C04F79EFBC}") = "04.OnlineRadioDatabase", "04.OnlineRadioDatabase\04.OnlineRadioDatabase.csproj", "{779CC7DA-5AC5-4CA5-AA76-5808DBFFF98D}"
EndProject
Global
	GlobalSection(SolutionConfigurationPlatforms) = preSolution
		Debug|Any CPU = Debug|Any CPU
		Release|Any CPU = Release|Any CPU
	EndGlobalSection
	GlobalSection(ProjectConfigurationPlatforms) = postSolution
		{A01F3DFE-FFA9-47AF-90E5-FF8E6AD66D6F}.Debug|Any CPU.ActiveCfg = Debug|Any CPU
		{A01F3DFE-FFA9-47AF-90E5-FF8E6AD66D6F}.Debug|Any CPU.Build.0 = Debug|Any CPU
		{A01F3DFE-FFA9-47AF-90E5-FF8E6AD66D6F}.Release|Any CPU.ActiveCfg = Release|Any CPU
		{A01F3DFE-FFA9-47AF-90E5-FF8E6AD66D6F}.Release|Any CPU.Build.0 = Release|Any CPU
		{36BC10C3-5769-4B04-A009-9486D9DC59CF}.Debug|Any CPU.ActiveCfg = Debug|Any CPU
		{36BC10C3-5769-4B04-A009-9486D9DC59CF}.Debug|Any CPU.Build.0 = Debug|Any CPU
		{36BC10C3-5769-4B04-A009-9486D9DC59CF}.Release|Any CPU.ActiveCfg = Release|Any CPU
		{36BC10C3-5769-4B04-A009-9486D9DC59CF}.Release|Any CPU.Build.0 = Release|Any CPU
		{94E22160-DD45-4961-B977-7FB4BC247F2C}.Debug|Any CPU.ActiveCfg = Debug|Any CPU
		{94E22160-DD45-4961-B977-7FB4BC247F2C}.Debug|Any CPU.Build.0 = Debug|Any CPU
		{94E22160-DD45-4961-B977-7FB4BC247F2C}.Release|Any CPU.ActiveCfg = Release|Any CPU
		{94E22160-DD45-4961-B977-7FB4BC247F2C}.Release|Any CPU.Build.0 = Release|Any CPU
		{B6FFCEF8-C200-461E-9F96-A108C1C8DD85}.Debug|Any CPU.ActiveCfg = Debug|Any CPU
		{B6FFCEF8-C200-461E-9F96-A108C1C8DD85}.Debug|Any CPU.Build.0 = Debug|Any CPU
		{B6FFCEF8-C200-461E-9F96-A108C1C8DD85}.Release|Any CPU.ActiveCfg = Release|Any CPU
		{B6FFCEF8-C200-461E-9F96-A108C1C8DD85}.Release|Any CPU.Build.0 = Release|Any CPU
		{779CC7DA-5AC5-4CA5-AA76-5808DBFFF98D}.Debug|Any CPU.ActiveCfg = Debug|Any CPU
		{779CC7DA-5AC5-4CA5-AA76-5808DBFFF98D}.Debug|Any CPU.Build.0 = Debug|Any CPU
		{779CC7DA-5AC5-4CA5-AA76-5808DBFFF98D}.Release|Any CPU.ActiveCfg = Release|Any CPU
		{779CC7DA-5AC5-4CA5-AA76-5808DBFFF98D}.Release|Any CPU.Build.0 = Release|Any CPU
	EndGlobalSection
	GlobalSection(SolutionProperties) = preSolution
		HideSolutionNode = FALSE
	EndGlobalSection
EndGlobal
