
Microsoft Visual Studio Solution File, Format Version 12.00
# Visual Studio 14
VisualStudioVersion = 14.0.23107.0
MinimumVisualStudioVersion = 10.0.40219.1
Project("{FAE04EC0-301F-11D3-BF4B-00C04F79EFBC}") = "NeedForSpeed", "NeedForSpeed\NeedForSpeed.csproj", "{60569955-2C4A-4A23-9A2C-D59719259D32}"
EndProject
Project("{FAE04EC0-301F-11D3-BF4B-00C04F79EFBC}") = "NFS", "NFS\NFS.csproj", "{D60EE9DB-5A21-4D0C-88BF-F3F045D32224}"
EndProject
Project("{FAE04EC0-301F-11D3-BF4B-00C04F79EFBC}") = "MineDraft", "MineCraft\MineDraft.csproj", "{A32B27EA-37D3-4351-9B5B-B9053B0EF149}"
EndProject
Global
	GlobalSection(SolutionConfigurationPlatforms) = preSolution
		Debug|Any CPU = Debug|Any CPU
		Release|Any CPU = Release|Any CPU
	EndGlobalSection
	GlobalSection(ProjectConfigurationPlatforms) = postSolution
		{60569955-2C4A-4A23-9A2C-D59719259D32}.Debug|Any CPU.ActiveCfg = Debug|Any CPU
		{60569955-2C4A-4A23-9A2C-D59719259D32}.Debug|Any CPU.Build.0 = Debug|Any CPU
		{60569955-2C4A-4A23-9A2C-D59719259D32}.Release|Any CPU.ActiveCfg = Release|Any CPU
		{60569955-2C4A-4A23-9A2C-D59719259D32}.Release|Any CPU.Build.0 = Release|Any CPU
		{D60EE9DB-5A21-4D0C-88BF-F3F045D32224}.Debug|Any CPU.ActiveCfg = Debug|Any CPU
		{D60EE9DB-5A21-4D0C-88BF-F3F045D32224}.Debug|Any CPU.Build.0 = Debug|Any CPU
		{D60EE9DB-5A21-4D0C-88BF-F3F045D32224}.Release|Any CPU.ActiveCfg = Release|Any CPU
		{D60EE9DB-5A21-4D0C-88BF-F3F045D32224}.Release|Any CPU.Build.0 = Release|Any CPU
		{A32B27EA-37D3-4351-9B5B-B9053B0EF149}.Debug|Any CPU.ActiveCfg = Debug|Any CPU
		{A32B27EA-37D3-4351-9B5B-B9053B0EF149}.Debug|Any CPU.Build.0 = Debug|Any CPU
		{A32B27EA-37D3-4351-9B5B-B9053B0EF149}.Release|Any CPU.ActiveCfg = Release|Any CPU
		{A32B27EA-37D3-4351-9B5B-B9053B0EF149}.Release|Any CPU.Build.0 = Release|Any CPU
	EndGlobalSection
	GlobalSection(SolutionProperties) = preSolution
		HideSolutionNode = FALSE
	EndGlobalSection
EndGlobal
