
Microsoft Visual Studio Solution File, Format Version 12.00
# Visual Studio 14
VisualStudioVersion = 14.0.25420.1
MinimumVisualStudioVersion = 10.0.40219.1
Project("{FAE04EC0-301F-11D3-BF4B-00C04F79EFBC}") = "2.WildFarm", "2.WildFarm.csproj", "{B5CE004E-C124-4317-8DA9-C92FF0C0A181}"
EndProject
Global
	GlobalSection(SolutionConfigurationPlatforms) = preSolution
		Debug|Any CPU = Debug|Any CPU
		Release|Any CPU = Release|Any CPU
	EndGlobalSection
	GlobalSection(ProjectConfigurationPlatforms) = postSolution
		{B5CE004E-C124-4317-8DA9-C92FF0C0A181}.Debug|Any CPU.ActiveCfg = Debug|Any CPU
		{B5CE004E-C124-4317-8DA9-C92FF0C0A181}.Debug|Any CPU.Build.0 = Debug|Any CPU
		{B5CE004E-C124-4317-8DA9-C92FF0C0A181}.Release|Any CPU.ActiveCfg = Release|Any CPU
		{B5CE004E-C124-4317-8DA9-C92FF0C0A181}.Release|Any CPU.Build.0 = Release|Any CPU
	EndGlobalSection
	GlobalSection(SolutionProperties) = preSolution
		HideSolutionNode = FALSE
	EndGlobalSection
EndGlobal
