
Microsoft Visual Studio Solution File, Format Version 12.00
# Visual Studio 15
VisualStudioVersion = 15.0.26430.16
MinimumVisualStudioVersion = 10.0.40219.1
Project("{FAE04EC0-301F-11D3-BF4B-00C04F79EFBC}") = "00.Demo", "Demo\00.Demo.csproj", "{786D20CE-B561-4E4D-9A88-3EC4F3050B01}"
EndProject
Project("{FAE04EC0-301F-11D3-BF4B-00C04F79EFBC}") = "02.CoffeeMachine", "02.CoffeeMachine\02.CoffeeMachine.csproj", "{C077F905-1532-405D-9D19-DF4EAC1391B0}"
EndProject
Project("{FAE04EC0-301F-11D3-BF4B-00C04F79EFBC}") = "03.Attributes", "03.Attributes\03.Attributes.csproj", "{0A1BAAA8-1E2E-4BFB-A126-04D9F554B5FF}"
EndProject
Project("{FAE04EC0-301F-11D3-BF4B-00C04F79EFBC}") = "04.Tracker", "04.Tracker\04.Tracker.csproj", "{E00D1CA1-7F28-4881-858C-A3B6C2832980}"
EndProject
Project("{FAE04EC0-301F-11D3-BF4B-00C04F79EFBC}") = "1.CardSuit", "1.CardSuit\1.CardSuit.csproj", "{8CEF4FB4-02E3-4911-B870-B6C2D1A332EE}"
EndProject
Project("{FAE04EC0-301F-11D3-BF4B-00C04F79EFBC}") = "2.CardRank", "2.CardRank\2.CardRank.csproj", "{CBB61F26-EAA6-4C7A-8FAE-1A3FA2B59867}"
EndProject
Project("{FAE04EC0-301F-11D3-BF4B-00C04F79EFBC}") = "3.CardPower", "3.CardPower\3.CardPower.csproj", "{087265C1-8950-4C9E-9EE8-F4F9CC839CD0}"
EndProject
Project("{FAE04EC0-301F-11D3-BF4B-00C04F79EFBC}") = "4.CardToString", "4.CardToString\4.CardToString.csproj", "{9A9C4A55-0BFA-4632-82BB-8E7185FEE504}"
EndProject
Project("{FAE04EC0-301F-11D3-BF4B-00C04F79EFBC}") = "5.CardCompareTo", "5.CardCompareTo\5.CardCompareTo.csproj", "{B97E8FD6-6425-4249-8ECE-57E167A5B107}"
EndProject
Project("{FAE04EC0-301F-11D3-BF4B-00C04F79EFBC}") = "6.CustomEnumAttribute", "6.CustomEnumAttribute\6.CustomEnumAttribute.csproj", "{3F57E2AE-05A5-4F09-B4A7-81C595CF1853}"
EndProject
Project("{FAE04EC0-301F-11D3-BF4B-00C04F79EFBC}") = "7.DeckOfCards", "7.DeckOfCards\7.DeckOfCards.csproj", "{A7013532-9995-446E-B3CE-27BB922B57A2}"
EndProject
Global
	GlobalSection(SolutionConfigurationPlatforms) = preSolution
		Debug|Any CPU = Debug|Any CPU
		Release|Any CPU = Release|Any CPU
	EndGlobalSection
	GlobalSection(ProjectConfigurationPlatforms) = postSolution
		{786D20CE-B561-4E4D-9A88-3EC4F3050B01}.Debug|Any CPU.ActiveCfg = Debug|Any CPU
		{786D20CE-B561-4E4D-9A88-3EC4F3050B01}.Debug|Any CPU.Build.0 = Debug|Any CPU
		{786D20CE-B561-4E4D-9A88-3EC4F3050B01}.Release|Any CPU.ActiveCfg = Release|Any CPU
		{786D20CE-B561-4E4D-9A88-3EC4F3050B01}.Release|Any CPU.Build.0 = Release|Any CPU
		{C077F905-1532-405D-9D19-DF4EAC1391B0}.Debug|Any CPU.ActiveCfg = Debug|Any CPU
		{C077F905-1532-405D-9D19-DF4EAC1391B0}.Debug|Any CPU.Build.0 = Debug|Any CPU
		{C077F905-1532-405D-9D19-DF4EAC1391B0}.Release|Any CPU.ActiveCfg = Release|Any CPU
		{C077F905-1532-405D-9D19-DF4EAC1391B0}.Release|Any CPU.Build.0 = Release|Any CPU
		{0A1BAAA8-1E2E-4BFB-A126-04D9F554B5FF}.Debug|Any CPU.ActiveCfg = Debug|Any CPU
		{0A1BAAA8-1E2E-4BFB-A126-04D9F554B5FF}.Debug|Any CPU.Build.0 = Debug|Any CPU
		{0A1BAAA8-1E2E-4BFB-A126-04D9F554B5FF}.Release|Any CPU.ActiveCfg = Release|Any CPU
		{0A1BAAA8-1E2E-4BFB-A126-04D9F554B5FF}.Release|Any CPU.Build.0 = Release|Any CPU
		{E00D1CA1-7F28-4881-858C-A3B6C2832980}.Debug|Any CPU.ActiveCfg = Debug|Any CPU
		{E00D1CA1-7F28-4881-858C-A3B6C2832980}.Debug|Any CPU.Build.0 = Debug|Any CPU
		{E00D1CA1-7F28-4881-858C-A3B6C2832980}.Release|Any CPU.ActiveCfg = Release|Any CPU
		{E00D1CA1-7F28-4881-858C-A3B6C2832980}.Release|Any CPU.Build.0 = Release|Any CPU
		{8CEF4FB4-02E3-4911-B870-B6C2D1A332EE}.Debug|Any CPU.ActiveCfg = Debug|Any CPU
		{8CEF4FB4-02E3-4911-B870-B6C2D1A332EE}.Debug|Any CPU.Build.0 = Debug|Any CPU
		{8CEF4FB4-02E3-4911-B870-B6C2D1A332EE}.Release|Any CPU.ActiveCfg = Release|Any CPU
		{8CEF4FB4-02E3-4911-B870-B6C2D1A332EE}.Release|Any CPU.Build.0 = Release|Any CPU
		{CBB61F26-EAA6-4C7A-8FAE-1A3FA2B59867}.Debug|Any CPU.ActiveCfg = Debug|Any CPU
		{CBB61F26-EAA6-4C7A-8FAE-1A3FA2B59867}.Debug|Any CPU.Build.0 = Debug|Any CPU
		{CBB61F26-EAA6-4C7A-8FAE-1A3FA2B59867}.Release|Any CPU.ActiveCfg = Release|Any CPU
		{CBB61F26-EAA6-4C7A-8FAE-1A3FA2B59867}.Release|Any CPU.Build.0 = Release|Any CPU
		{087265C1-8950-4C9E-9EE8-F4F9CC839CD0}.Debug|Any CPU.ActiveCfg = Debug|Any CPU
		{087265C1-8950-4C9E-9EE8-F4F9CC839CD0}.Debug|Any CPU.Build.0 = Debug|Any CPU
		{087265C1-8950-4C9E-9EE8-F4F9CC839CD0}.Release|Any CPU.ActiveCfg = Release|Any CPU
		{087265C1-8950-4C9E-9EE8-F4F9CC839CD0}.Release|Any CPU.Build.0 = Release|Any CPU
		{9A9C4A55-0BFA-4632-82BB-8E7185FEE504}.Debug|Any CPU.ActiveCfg = Debug|Any CPU
		{9A9C4A55-0BFA-4632-82BB-8E7185FEE504}.Debug|Any CPU.Build.0 = Debug|Any CPU
		{9A9C4A55-0BFA-4632-82BB-8E7185FEE504}.Release|Any CPU.ActiveCfg = Release|Any CPU
		{9A9C4A55-0BFA-4632-82BB-8E7185FEE504}.Release|Any CPU.Build.0 = Release|Any CPU
		{B97E8FD6-6425-4249-8ECE-57E167A5B107}.Debug|Any CPU.ActiveCfg = Debug|Any CPU
		{B97E8FD6-6425-4249-8ECE-57E167A5B107}.Debug|Any CPU.Build.0 = Debug|Any CPU
		{B97E8FD6-6425-4249-8ECE-57E167A5B107}.Release|Any CPU.ActiveCfg = Release|Any CPU
		{B97E8FD6-6425-4249-8ECE-57E167A5B107}.Release|Any CPU.Build.0 = Release|Any CPU
		{3F57E2AE-05A5-4F09-B4A7-81C595CF1853}.Debug|Any CPU.ActiveCfg = Debug|Any CPU
		{3F57E2AE-05A5-4F09-B4A7-81C595CF1853}.Debug|Any CPU.Build.0 = Debug|Any CPU
		{3F57E2AE-05A5-4F09-B4A7-81C595CF1853}.Release|Any CPU.ActiveCfg = Release|Any CPU
		{3F57E2AE-05A5-4F09-B4A7-81C595CF1853}.Release|Any CPU.Build.0 = Release|Any CPU
		{A7013532-9995-446E-B3CE-27BB922B57A2}.Debug|Any CPU.ActiveCfg = Debug|Any CPU
		{A7013532-9995-446E-B3CE-27BB922B57A2}.Debug|Any CPU.Build.0 = Debug|Any CPU
		{A7013532-9995-446E-B3CE-27BB922B57A2}.Release|Any CPU.ActiveCfg = Release|Any CPU
		{A7013532-9995-446E-B3CE-27BB922B57A2}.Release|Any CPU.Build.0 = Release|Any CPU
	EndGlobalSection
	GlobalSection(SolutionProperties) = preSolution
		HideSolutionNode = FALSE
	EndGlobalSection
EndGlobal
