
Microsoft Visual Studio Solution File, Format Version 12.00
# Visual Studio 15
VisualStudioVersion = 15.0.26430.12
MinimumVisualStudioVersion = 10.0.40219.1
Project("{FAE04EC0-301F-11D3-BF4B-00C04F79EFBC}") = "Demo", "Demo\Demo.csproj", "{6EAB121A-4EA0-4790-B8BE-94F54B0FD476}"
EndProject
Project("{FAE04EC0-301F-11D3-BF4B-00C04F79EFBC}") = "01.BoxOfT", "BoxOfT\01.BoxOfT.csproj", "{20432F96-3DF0-481E-8A0C-42E925B74C37}"
EndProject
Project("{FAE04EC0-301F-11D3-BF4B-00C04F79EFBC}") = "02.ArrayCreator", "02.ArrayCreator\02.ArrayCreator.csproj", "{36FB980C-18E1-43BD-B7F9-A65A1257FDC5}"
EndProject
Project("{FAE04EC0-301F-11D3-BF4B-00C04F79EFBC}") = "03.Scale", "03.Scale\03.Scale.csproj", "{599F8057-0678-4818-A600-4A3FCE75E23C}"
EndProject
Project("{FAE04EC0-301F-11D3-BF4B-00C04F79EFBC}") = "1.GenericBox", "01.GenericBox\1.GenericBox.csproj", "{BB3D26C8-0397-40C6-A411-3FAE2802A102}"
EndProject
Project("{FAE04EC0-301F-11D3-BF4B-00C04F79EFBC}") = "2.GenericBoxOfString", "02.GenericBoxOfString\2.GenericBoxOfString.csproj", "{EF3BAD66-1CC8-4B7F-9963-B5F1C1B2E737}"
EndProject
Project("{FAE04EC0-301F-11D3-BF4B-00C04F79EFBC}") = "2.1.GenericBoxOfInt", "2.1.GenericBoxOfInt\2.1.GenericBoxOfInt.csproj", "{B38FFC09-6569-4073-AAD8-C3A729024826}"
EndProject
Project("{FAE04EC0-301F-11D3-BF4B-00C04F79EFBC}") = "3.GenericSwapMethodString", "3.GenericSwapMethodString\3.GenericSwapMethodString.csproj", "{F48A1787-FE7B-443D-8528-C056FBC06910}"
EndProject
Project("{FAE04EC0-301F-11D3-BF4B-00C04F79EFBC}") = "4.GenericSwapMethodInteger", "4.GenericSwapMethodInteger\4.GenericSwapMethodInteger.csproj", "{209C8C46-5971-4442-9D8E-C81AA3E79B88}"
EndProject
Project("{FAE04EC0-301F-11D3-BF4B-00C04F79EFBC}") = "5.GenericCountMethodString", "5.GenericCountMethodString\5.GenericCountMethodString.csproj", "{F06C0371-314F-47AE-B3D6-512BA1B68020}"
EndProject
<<<<<<< HEAD
Project("{FAE04EC0-301F-11D3-BF4B-00C04F79EFBC}") = "6.GenericCountMethodDouble", "6.GenericCountMethodDouble\6.GenericCountMethodDouble.csproj", "{AD6EE73A-D08A-4401-8B2A-B54126391BF7}"
EndProject
Project("{FAE04EC0-301F-11D3-BF4B-00C04F79EFBC}") = "7.CustomList", "7.CustomList\7.CustomList.csproj", "{5A3A7400-D99C-412B-B6EF-20D486CAAD05}"
EndProject
Project("{FAE04EC0-301F-11D3-BF4B-00C04F79EFBC}") = "8.CustomListSorter + 9", "08.CustomListSorter\8.CustomListSorter + 9.csproj", "{D9C56E42-4505-4345-BA8F-01E86BEDB034}"
EndProject
Project("{FAE04EC0-301F-11D3-BF4B-00C04F79EFBC}") = "10.Tuple", "9.Tuple\10.Tuple.csproj", "{EBF300AE-11BD-4C2E-824C-3937E2901D88}"
=======
Project("{FAE04EC0-301F-11D3-BF4B-00C04F79EFBC}") = "9.Tuple", "9.Tuple\9.Tuple.csproj", "{43CF9B1A-959F-4B8C-9986-5059DF663E66}"
>>>>>>> 375de3bcb81e707954eae40cd9f2b3d058cb01a1
EndProject
Global
	GlobalSection(SolutionConfigurationPlatforms) = preSolution
		Debug|Any CPU = Debug|Any CPU
		Release|Any CPU = Release|Any CPU
	EndGlobalSection
	GlobalSection(ProjectConfigurationPlatforms) = postSolution
		{6EAB121A-4EA0-4790-B8BE-94F54B0FD476}.Debug|Any CPU.ActiveCfg = Debug|Any CPU
		{6EAB121A-4EA0-4790-B8BE-94F54B0FD476}.Debug|Any CPU.Build.0 = Debug|Any CPU
		{6EAB121A-4EA0-4790-B8BE-94F54B0FD476}.Release|Any CPU.ActiveCfg = Release|Any CPU
		{6EAB121A-4EA0-4790-B8BE-94F54B0FD476}.Release|Any CPU.Build.0 = Release|Any CPU
		{20432F96-3DF0-481E-8A0C-42E925B74C37}.Debug|Any CPU.ActiveCfg = Debug|Any CPU
		{20432F96-3DF0-481E-8A0C-42E925B74C37}.Debug|Any CPU.Build.0 = Debug|Any CPU
		{20432F96-3DF0-481E-8A0C-42E925B74C37}.Release|Any CPU.ActiveCfg = Release|Any CPU
		{20432F96-3DF0-481E-8A0C-42E925B74C37}.Release|Any CPU.Build.0 = Release|Any CPU
		{36FB980C-18E1-43BD-B7F9-A65A1257FDC5}.Debug|Any CPU.ActiveCfg = Debug|Any CPU
		{36FB980C-18E1-43BD-B7F9-A65A1257FDC5}.Debug|Any CPU.Build.0 = Debug|Any CPU
		{36FB980C-18E1-43BD-B7F9-A65A1257FDC5}.Release|Any CPU.ActiveCfg = Release|Any CPU
		{36FB980C-18E1-43BD-B7F9-A65A1257FDC5}.Release|Any CPU.Build.0 = Release|Any CPU
		{599F8057-0678-4818-A600-4A3FCE75E23C}.Debug|Any CPU.ActiveCfg = Debug|Any CPU
		{599F8057-0678-4818-A600-4A3FCE75E23C}.Debug|Any CPU.Build.0 = Debug|Any CPU
		{599F8057-0678-4818-A600-4A3FCE75E23C}.Release|Any CPU.ActiveCfg = Release|Any CPU
		{599F8057-0678-4818-A600-4A3FCE75E23C}.Release|Any CPU.Build.0 = Release|Any CPU
		{BB3D26C8-0397-40C6-A411-3FAE2802A102}.Debug|Any CPU.ActiveCfg = Debug|Any CPU
		{BB3D26C8-0397-40C6-A411-3FAE2802A102}.Debug|Any CPU.Build.0 = Debug|Any CPU
		{BB3D26C8-0397-40C6-A411-3FAE2802A102}.Release|Any CPU.ActiveCfg = Release|Any CPU
		{BB3D26C8-0397-40C6-A411-3FAE2802A102}.Release|Any CPU.Build.0 = Release|Any CPU
		{EF3BAD66-1CC8-4B7F-9963-B5F1C1B2E737}.Debug|Any CPU.ActiveCfg = Debug|Any CPU
		{EF3BAD66-1CC8-4B7F-9963-B5F1C1B2E737}.Debug|Any CPU.Build.0 = Debug|Any CPU
		{EF3BAD66-1CC8-4B7F-9963-B5F1C1B2E737}.Release|Any CPU.ActiveCfg = Release|Any CPU
		{EF3BAD66-1CC8-4B7F-9963-B5F1C1B2E737}.Release|Any CPU.Build.0 = Release|Any CPU
		{B38FFC09-6569-4073-AAD8-C3A729024826}.Debug|Any CPU.ActiveCfg = Debug|Any CPU
		{B38FFC09-6569-4073-AAD8-C3A729024826}.Debug|Any CPU.Build.0 = Debug|Any CPU
		{B38FFC09-6569-4073-AAD8-C3A729024826}.Release|Any CPU.ActiveCfg = Release|Any CPU
		{B38FFC09-6569-4073-AAD8-C3A729024826}.Release|Any CPU.Build.0 = Release|Any CPU
		{F48A1787-FE7B-443D-8528-C056FBC06910}.Debug|Any CPU.ActiveCfg = Debug|Any CPU
		{F48A1787-FE7B-443D-8528-C056FBC06910}.Debug|Any CPU.Build.0 = Debug|Any CPU
		{F48A1787-FE7B-443D-8528-C056FBC06910}.Release|Any CPU.ActiveCfg = Release|Any CPU
		{F48A1787-FE7B-443D-8528-C056FBC06910}.Release|Any CPU.Build.0 = Release|Any CPU
		{209C8C46-5971-4442-9D8E-C81AA3E79B88}.Debug|Any CPU.ActiveCfg = Debug|Any CPU
		{209C8C46-5971-4442-9D8E-C81AA3E79B88}.Debug|Any CPU.Build.0 = Debug|Any CPU
		{209C8C46-5971-4442-9D8E-C81AA3E79B88}.Release|Any CPU.ActiveCfg = Release|Any CPU
		{209C8C46-5971-4442-9D8E-C81AA3E79B88}.Release|Any CPU.Build.0 = Release|Any CPU
		{F06C0371-314F-47AE-B3D6-512BA1B68020}.Debug|Any CPU.ActiveCfg = Debug|Any CPU
		{F06C0371-314F-47AE-B3D6-512BA1B68020}.Debug|Any CPU.Build.0 = Debug|Any CPU
		{F06C0371-314F-47AE-B3D6-512BA1B68020}.Release|Any CPU.ActiveCfg = Release|Any CPU
		{F06C0371-314F-47AE-B3D6-512BA1B68020}.Release|Any CPU.Build.0 = Release|Any CPU
<<<<<<< HEAD
		{AD6EE73A-D08A-4401-8B2A-B54126391BF7}.Debug|Any CPU.ActiveCfg = Debug|Any CPU
		{AD6EE73A-D08A-4401-8B2A-B54126391BF7}.Debug|Any CPU.Build.0 = Debug|Any CPU
		{AD6EE73A-D08A-4401-8B2A-B54126391BF7}.Release|Any CPU.ActiveCfg = Release|Any CPU
		{AD6EE73A-D08A-4401-8B2A-B54126391BF7}.Release|Any CPU.Build.0 = Release|Any CPU
		{5A3A7400-D99C-412B-B6EF-20D486CAAD05}.Debug|Any CPU.ActiveCfg = Debug|Any CPU
		{5A3A7400-D99C-412B-B6EF-20D486CAAD05}.Debug|Any CPU.Build.0 = Debug|Any CPU
		{5A3A7400-D99C-412B-B6EF-20D486CAAD05}.Release|Any CPU.ActiveCfg = Release|Any CPU
		{5A3A7400-D99C-412B-B6EF-20D486CAAD05}.Release|Any CPU.Build.0 = Release|Any CPU
		{D9C56E42-4505-4345-BA8F-01E86BEDB034}.Debug|Any CPU.ActiveCfg = Debug|Any CPU
		{D9C56E42-4505-4345-BA8F-01E86BEDB034}.Debug|Any CPU.Build.0 = Debug|Any CPU
		{D9C56E42-4505-4345-BA8F-01E86BEDB034}.Release|Any CPU.ActiveCfg = Release|Any CPU
		{D9C56E42-4505-4345-BA8F-01E86BEDB034}.Release|Any CPU.Build.0 = Release|Any CPU
		{EBF300AE-11BD-4C2E-824C-3937E2901D88}.Debug|Any CPU.ActiveCfg = Debug|Any CPU
		{EBF300AE-11BD-4C2E-824C-3937E2901D88}.Debug|Any CPU.Build.0 = Debug|Any CPU
		{EBF300AE-11BD-4C2E-824C-3937E2901D88}.Release|Any CPU.ActiveCfg = Release|Any CPU
		{EBF300AE-11BD-4C2E-824C-3937E2901D88}.Release|Any CPU.Build.0 = Release|Any CPU
=======
		{43CF9B1A-959F-4B8C-9986-5059DF663E66}.Debug|Any CPU.ActiveCfg = Debug|Any CPU
		{43CF9B1A-959F-4B8C-9986-5059DF663E66}.Debug|Any CPU.Build.0 = Debug|Any CPU
		{43CF9B1A-959F-4B8C-9986-5059DF663E66}.Release|Any CPU.ActiveCfg = Release|Any CPU
		{43CF9B1A-959F-4B8C-9986-5059DF663E66}.Release|Any CPU.Build.0 = Release|Any CPU
>>>>>>> 375de3bcb81e707954eae40cd9f2b3d058cb01a1
	EndGlobalSection
	GlobalSection(SolutionProperties) = preSolution
		HideSolutionNode = FALSE
	EndGlobalSection
EndGlobal
